# This file is automatically @generated by Poetry 1.8.2 and should not be changed by hand.

[[package]]
name = "base"
version = "0.0.0"
description = ""
optional = false
python-versions = "*"
files = [
    {file = "base-0.0.0.tar.gz", hash = "sha256:feb97f56b135b56e9c853c63b5440482aff2ae8a5964ec299c49c0788843391a"},
]

[metadata]
lock-version = "2.0"
python-versions = "^3.7"
content-hash = "f1946685a895a976fc1234eb1f1ddbb88b2e144a6bc2e05789f2131b0ce8f6c1"